{
  "name": "quartermaster-ts-imp",
  "version": "1.0.0",
  "lockfileVersion": 1,
  "requires": true,
  "dependencies": {
    "queue-cache-distribution": {
      "version": "file:../queue-cache-distribution",
      "requires": {
        "better-queue-memory": "^1.0.4",
        "colors": "^1.4.0",
        "lib-r-math.js": "1.0.81",
        "node-eta": "^0.9.0",
        "uuid": "^3.4.0",
        "yallist": "^4.0.0"
      }
    }
  }
}
